
Microsoft Visual Studio Solution File, Format Version 12.00
# Visual Studio Version 16
VisualStudioVersion = 16.0.30011.22
MinimumVisualStudioVersion = 10.0.40219.1
Project("{9A19103F-16F7-4668-BE54-9A1E7A4F7556}") = "SSHMan", "SSHMan.csproj", "{68C32F44-B583-4CA0-8043-EEB9FADE0A79}"
EndProject
Project("{9A19103F-16F7-4668-BE54-9A1E7A4F7556}") = "ReadNamedPipeCmdlet", "SSHChild\ReadNamedPipeCmdlet.csproj", "{458B0949-FBCC-48B2-A386-4BB4B27C34F0}"
EndProject
Global
	GlobalSection(SolutionConfigurationPlatforms) = preSolution
		Debug|Any CPU = Debug|Any CPU
		Release|Any CPU = Release|Any CPU
	EndGlobalSection
	GlobalSection(ProjectConfigurationPlatforms) = postSolution
		{68C32F44-B583-4CA0-8043-EEB9FADE0A79}.Debug|Any CPU.ActiveCfg = Debug|Any CPU
		{68C32F44-B583-4CA0-8043-EEB9FADE0A79}.Debug|Any CPU.Build.0 = Debug|Any CPU
		{68C32F44-B583-4CA0-8043-EEB9FADE0A79}.Release|Any CPU.ActiveCfg = Release|Any CPU
		{68C32F44-B583-4CA0-8043-EEB9FADE0A79}.Release|Any CPU.Build.0 = Release|Any CPU
		{458B0949-FBCC-48B2-A386-4BB4B27C34F0}.Debug|Any CPU.ActiveCfg = Debug|Any CPU
		{458B0949-FBCC-48B2-A386-4BB4B27C34F0}.Debug|Any CPU.Build.0 = Debug|Any CPU
		{458B0949-FBCC-48B2-A386-4BB4B27C34F0}.Release|Any CPU.ActiveCfg = Release|Any CPU
		{458B0949-FBCC-48B2-A386-4BB4B27C34F0}.Release|Any CPU.Build.0 = Release|Any CPU
	EndGlobalSection
	GlobalSection(SolutionProperties) = preSolution
		HideSolutionNode = FALSE
	EndGlobalSection
	GlobalSection(ExtensibilityGlobals) = postSolution
		SolutionGuid = {89E59762-DD42-4D18-9164-C7D8E6B1AD3C}
	EndGlobalSection
EndGlobal
